
Microsoft Visual Studio Solution File, Format Version 12.00
# Visual Studio Version 17
VisualStudioVersion = 17.10.35027.167
MinimumVisualStudioVersion = 10.0.40219.1
Project("{FAE04EC0-301F-11D3-BF4B-00C04F79EFBC}") = "Config_sync", "Config_sync\Config_sync.csproj", "{1BED46E8-4922-40E1-BF1A-05794CD7086A}"
EndProject
Global
	GlobalSection(SolutionConfigurationPlatforms) = preSolution
		Debug|Any CPU = Debug|Any CPU
		Release|Any CPU = Release|Any CPU
	EndGlobalSection
	GlobalSection(ProjectConfigurationPlatforms) = postSolution
		{1BED46E8-4922-40E1-BF1A-05794CD7086A}.Debug|Any CPU.ActiveCfg = Debug|Any CPU
		{1BED46E8-4922-40E1-BF1A-05794CD7086A}.Debug|Any CPU.Build.0 = Debug|Any CPU
		{1BED46E8-4922-40E1-BF1A-05794CD7086A}.Release|Any CPU.ActiveCfg = Release|Any CPU
		{1BED46E8-4922-40E1-BF1A-05794CD7086A}.Release|Any CPU.Build.0 = Release|Any CPU
	EndGlobalSection
	GlobalSection(SolutionProperties) = preSolution
		HideSolutionNode = FALSE
	EndGlobalSection
	GlobalSection(ExtensibilityGlobals) = postSolution
		SolutionGuid = {EF8553EB-DF55-4B72-A1EA-48855D4A5F3C}
	EndGlobalSection
EndGlobal
